{
	"name": "@mono/utils",
	"lockfileVersion": 2,
	"requires": true,
	"packages": {
		"": {
			"name": "@mono/utils",
			"dependencies": {
				"@swc/helpers": "^0.2.13"
			}
		},
		"node_modules/@swc/helpers": {
			"version": "0.2.13",
			"resolved": "https://registry.npmjs.org/@swc/helpers/-/helpers-0.2.13.tgz",
			"integrity": "sha512-HxfZHtTgDlME7fH+KIwBrm1B1+2iB3UpbcSbPCZzDAHxZ3z+qfjflHverm33sXrdyQYx4s3J7r6ot76433mwEg=="
		}
	},
	"dependencies": {
		"@swc/helpers": {
			"version": "0.2.13",
			"resolved": "https://registry.npmjs.org/@swc/helpers/-/helpers-0.2.13.tgz",
			"integrity": "sha512-HxfZHtTgDlME7fH+KIwBrm1B1+2iB3UpbcSbPCZzDAHxZ3z+qfjflHverm33sXrdyQYx4s3J7r6ot76433mwEg=="
		}
	}
}
